
Microsoft Visual Studio Solution File, Format Version 12.00
# Visual Studio Version 17
VisualStudioVersion = 17.7.34031.279
MinimumVisualStudioVersion = 10.0.40219.1
Project("{FAE04EC0-301F-11D3-BF4B-00C04F79EFBC}") = "Airline_Management_System", "Airline_Management_System\Airline_Management_System.csproj", "{DBA71D4C-D615-4C1D-830A-89B8530BBB87}"
EndProject
Global
	GlobalSection(SolutionConfigurationPlatforms) = preSolution
		Debug|Any CPU = Debug|Any CPU
		Release|Any CPU = Release|Any CPU
	EndGlobalSection
	GlobalSection(ProjectConfigurationPlatforms) = postSolution
		{DBA71D4C-D615-4C1D-830A-89B8530BBB87}.Debug|Any CPU.ActiveCfg = Debug|Any CPU
		{DBA71D4C-D615-4C1D-830A-89B8530BBB87}.Debug|Any CPU.Build.0 = Debug|Any CPU
		{DBA71D4C-D615-4C1D-830A-89B8530BBB87}.Release|Any CPU.ActiveCfg = Release|Any CPU
		{DBA71D4C-D615-4C1D-830A-89B8530BBB87}.Release|Any CPU.Build.0 = Release|Any CPU
	EndGlobalSection
	GlobalSection(SolutionProperties) = preSolution
		HideSolutionNode = FALSE
	EndGlobalSection
	GlobalSection(ExtensibilityGlobals) = postSolution
		SolutionGuid = {64475957-4A46-4505-937D-3D09D56F5701}
	EndGlobalSection
EndGlobal
